
Microsoft Visual Studio Solution File, Format Version 12.00
# Visual Studio Version 16
VisualStudioVersion = 25.0.1706.14
MinimumVisualStudioVersion = 10.0.40219.1
Project("{FAE04EC0-301F-11D3-BF4B-00C04F79EFBC}") = "MiniOSProcessScheduler_Review4_Assessment", "MiniOSProcessScheduler_Review4_Assessment.csproj", "{21BADC8E-0051-4C5B-8698-36F9215D2381}"
EndProject
Project("{FAE04EC0-301F-11D3-BF4B-00C04F79EFBC}") = "MiniOSProcessScheduler_TestProject", "..\MiniOSProcessScheduler_TestProject\MiniOSProcessScheduler_TestProject.csproj", "{BEB87E3E-0A06-4755-A9C1-151234500FC4}"
EndProject
Global
	GlobalSection(SolutionConfigurationPlatforms) = preSolution
		Debug|Any CPU = Debug|Any CPU
		Release|Any CPU = Release|Any CPU
	EndGlobalSection
	GlobalSection(ProjectConfigurationPlatforms) = postSolution
		{21BADC8E-0051-4C5B-8698-36F9215D2381}.Debug|Any CPU.ActiveCfg = Debug|Any CPU
		{21BADC8E-0051-4C5B-8698-36F9215D2381}.Debug|Any CPU.Build.0 = Debug|Any CPU
		{21BADC8E-0051-4C5B-8698-36F9215D2381}.Release|Any CPU.ActiveCfg = Release|Any CPU
		{21BADC8E-0051-4C5B-8698-36F9215D2381}.Release|Any CPU.Build.0 = Release|Any CPU
		{BEB87E3E-0A06-4755-A9C1-151234500FC4}.Debug|Any CPU.ActiveCfg = Debug|Any CPU
		{BEB87E3E-0A06-4755-A9C1-151234500FC4}.Debug|Any CPU.Build.0 = Debug|Any CPU
		{BEB87E3E-0A06-4755-A9C1-151234500FC4}.Release|Any CPU.ActiveCfg = Release|Any CPU
		{BEB87E3E-0A06-4755-A9C1-151234500FC4}.Release|Any CPU.Build.0 = Release|Any CPU
	EndGlobalSection
	GlobalSection(SolutionProperties) = preSolution
		HideSolutionNode = FALSE
	EndGlobalSection
	GlobalSection(ExtensibilityGlobals) = postSolution
		SolutionGuid = {C6D527A6-26BD-46F5-93A5-825EC2606AB0}
	EndGlobalSection
EndGlobal
