
Microsoft Visual Studio Solution File, Format Version 12.00
# Visual Studio Version 16
VisualStudioVersion = 25.0.1706.14
MinimumVisualStudioVersion = 10.0.40219.1
Project("{FAE04EC0-301F-11D3-BF4B-00C04F79EFBC}") = "ReflectionsAndAnnotations", "ReflectionsAndAnnotations.csproj", "{3B329719-C669-4F44-B1EE-B3A21F1A43FF}"
EndProject
Global
	GlobalSection(SolutionConfigurationPlatforms) = preSolution
		Debug|Any CPU = Debug|Any CPU
		Release|Any CPU = Release|Any CPU
	EndGlobalSection
	GlobalSection(ProjectConfigurationPlatforms) = postSolution
		{3B329719-C669-4F44-B1EE-B3A21F1A43FF}.Debug|Any CPU.ActiveCfg = Debug|Any CPU
		{3B329719-C669-4F44-B1EE-B3A21F1A43FF}.Debug|Any CPU.Build.0 = Debug|Any CPU
		{3B329719-C669-4F44-B1EE-B3A21F1A43FF}.Release|Any CPU.ActiveCfg = Release|Any CPU
		{3B329719-C669-4F44-B1EE-B3A21F1A43FF}.Release|Any CPU.Build.0 = Release|Any CPU
	EndGlobalSection
	GlobalSection(SolutionProperties) = preSolution
		HideSolutionNode = FALSE
	EndGlobalSection
	GlobalSection(ExtensibilityGlobals) = postSolution
		SolutionGuid = {94115E0D-64D8-4435-93AE-E0DD8F25AC16}
	EndGlobalSection
EndGlobal
