
Microsoft Visual Studio Solution File, Format Version 12.00
# Visual Studio Version 16
VisualStudioVersion = 25.0.1706.14
MinimumVisualStudioVersion = 10.0.40219.1
Project("{FAE04EC0-301F-11D3-BF4B-00C04F79EFBC}") = "StackAndQueue", "StackAndQueue.csproj", "{0ECB0678-EAB0-4F9C-ADC4-9A54189B68FF}"
EndProject
Global
	GlobalSection(SolutionConfigurationPlatforms) = preSolution
		Debug|Any CPU = Debug|Any CPU
		Release|Any CPU = Release|Any CPU
	EndGlobalSection
	GlobalSection(ProjectConfigurationPlatforms) = postSolution
		{0ECB0678-EAB0-4F9C-ADC4-9A54189B68FF}.Debug|Any CPU.ActiveCfg = Debug|Any CPU
		{0ECB0678-EAB0-4F9C-ADC4-9A54189B68FF}.Debug|Any CPU.Build.0 = Debug|Any CPU
		{0ECB0678-EAB0-4F9C-ADC4-9A54189B68FF}.Release|Any CPU.ActiveCfg = Release|Any CPU
		{0ECB0678-EAB0-4F9C-ADC4-9A54189B68FF}.Release|Any CPU.Build.0 = Release|Any CPU
	EndGlobalSection
	GlobalSection(SolutionProperties) = preSolution
		HideSolutionNode = FALSE
	EndGlobalSection
	GlobalSection(ExtensibilityGlobals) = postSolution
		SolutionGuid = {4C5E7348-BA8B-424B-91E9-494DF9FDABC1}
	EndGlobalSection
EndGlobal
