
Microsoft Visual Studio Solution File, Format Version 12.00
# Visual Studio Version 16
VisualStudioVersion = 25.0.1706.14
MinimumVisualStudioVersion = 10.0.40219.1
Project("{FAE04EC0-301F-11D3-BF4B-00C04F79EFBC}") = "Strings", "Strings.csproj", "{C9631168-9A4D-4B31-A897-B935E746E419}"
EndProject
Global
	GlobalSection(SolutionConfigurationPlatforms) = preSolution
		Debug|Any CPU = Debug|Any CPU
		Release|Any CPU = Release|Any CPU
	EndGlobalSection
	GlobalSection(ProjectConfigurationPlatforms) = postSolution
		{C9631168-9A4D-4B31-A897-B935E746E419}.Debug|Any CPU.ActiveCfg = Debug|Any CPU
		{C9631168-9A4D-4B31-A897-B935E746E419}.Debug|Any CPU.Build.0 = Debug|Any CPU
		{C9631168-9A4D-4B31-A897-B935E746E419}.Release|Any CPU.ActiveCfg = Release|Any CPU
		{C9631168-9A4D-4B31-A897-B935E746E419}.Release|Any CPU.Build.0 = Release|Any CPU
	EndGlobalSection
	GlobalSection(SolutionProperties) = preSolution
		HideSolutionNode = FALSE
	EndGlobalSection
	GlobalSection(ExtensibilityGlobals) = postSolution
		SolutionGuid = {2238FF35-48A0-4019-80FA-BD6E789765B5}
	EndGlobalSection
EndGlobal
