
Microsoft Visual Studio Solution File, Format Version 12.00
# Visual Studio Version 16
VisualStudioVersion = 25.0.1706.14
MinimumVisualStudioVersion = 10.0.40219.1
Project("{FAE04EC0-301F-11D3-BF4B-00C04F79EFBC}") = "Day2", "Day2\Day2.csproj", "{54A0C638-6650-4CF8-BDD3-2BDBF5F27D9F}"
EndProject
Global
	GlobalSection(SolutionConfigurationPlatforms) = preSolution
		Debug|Any CPU = Debug|Any CPU
		Release|Any CPU = Release|Any CPU
	EndGlobalSection
	GlobalSection(ProjectConfigurationPlatforms) = postSolution
		{54A0C638-6650-4CF8-BDD3-2BDBF5F27D9F}.Debug|Any CPU.ActiveCfg = Debug|Any CPU
		{54A0C638-6650-4CF8-BDD3-2BDBF5F27D9F}.Debug|Any CPU.Build.0 = Debug|Any CPU
		{54A0C638-6650-4CF8-BDD3-2BDBF5F27D9F}.Release|Any CPU.ActiveCfg = Release|Any CPU
		{54A0C638-6650-4CF8-BDD3-2BDBF5F27D9F}.Release|Any CPU.Build.0 = Release|Any CPU
	EndGlobalSection
	GlobalSection(SolutionProperties) = preSolution
		HideSolutionNode = FALSE
	EndGlobalSection
	GlobalSection(ExtensibilityGlobals) = postSolution
		SolutionGuid = {7F822902-0629-4E5F-9224-0DCD3C67105B}
	EndGlobalSection
EndGlobal
